
Microsoft Visual Studio Solution File, Format Version 12.00
Project("{FAE04EC0-301F-11D3-BF4B-00C04F79EFBC}") = "HelloWebAssembly", "HelloWebAssembly\HelloWebAssembly.csproj", "{B769C8FB-4444-4A90-8062-AD23E1D97640}"
EndProject
Global
	GlobalSection(SolutionConfigurationPlatforms) = preSolution
		Debug|Any CPU = Debug|Any CPU
		Release|Any CPU = Release|Any CPU
	EndGlobalSection
	GlobalSection(ProjectConfigurationPlatforms) = postSolution
		{B769C8FB-4444-4A90-8062-AD23E1D97640}.Debug|Any CPU.ActiveCfg = Debug|Any CPU
		{B769C8FB-4444-4A90-8062-AD23E1D97640}.Debug|Any CPU.Build.0 = Debug|Any CPU
		{B769C8FB-4444-4A90-8062-AD23E1D97640}.Release|Any CPU.ActiveCfg = Release|Any CPU
		{B769C8FB-4444-4A90-8062-AD23E1D97640}.Release|Any CPU.Build.0 = Release|Any CPU
	EndGlobalSection
EndGlobal
