
Microsoft Visual Studio Solution File, Format Version 12.00
Project("{FAE04EC0-301F-11D3-BF4B-00C04F79EFBC}") = "backend", "backend\backend.csproj", "{FDBAA492-60E4-4438-BB53-06827AA66A1A}"
EndProject
Global
	GlobalSection(SolutionConfigurationPlatforms) = preSolution
		Debug|Any CPU = Debug|Any CPU
		Release|Any CPU = Release|Any CPU
	EndGlobalSection
	GlobalSection(ProjectConfigurationPlatforms) = postSolution
		{FDBAA492-60E4-4438-BB53-06827AA66A1A}.Debug|Any CPU.ActiveCfg = Debug|Any CPU
		{FDBAA492-60E4-4438-BB53-06827AA66A1A}.Debug|Any CPU.Build.0 = Debug|Any CPU
		{FDBAA492-60E4-4438-BB53-06827AA66A1A}.Release|Any CPU.ActiveCfg = Release|Any CPU
		{FDBAA492-60E4-4438-BB53-06827AA66A1A}.Release|Any CPU.Build.0 = Release|Any CPU
	EndGlobalSection
EndGlobal
