
Microsoft Visual Studio Solution File, Format Version 12.00
Project("{FAE04EC0-301F-11D3-BF4B-00C04F79EFBC}") = "ConsoleApp1", "ConsoleApp1\ConsoleApp1.csproj", "{295A91CF-B0BF-407B-B57D-C664D449A06D}"
EndProject
Project("{FAE04EC0-301F-11D3-BF4B-00C04F79EFBC}") = "ConsoleApp2", "ConsoleApp2\ConsoleApp2.csproj", "{9BC2B3B0-C4F5-4B7F-B91D-149CC591FB8E}"
EndProject
Project("{FAE04EC0-301F-11D3-BF4B-00C04F79EFBC}") = "ConsoleApp3", "ConsoleApp3\ConsoleApp3.csproj", "{FBEA98D1-C657-45D4-BBD2-74EDE2EEFB87}"
EndProject
Project("{FAE04EC0-301F-11D3-BF4B-00C04F79EFBC}") = "ConsoleApp4", "ConsoleApp4\ConsoleApp4.csproj", "{FE57D903-0C77-4B4D-A4B5-43CD7400A687}"
EndProject
Project("{FAE04EC0-301F-11D3-BF4B-00C04F79EFBC}") = "ConsoleApp5", "ConsoleApp5\ConsoleApp5.csproj", "{CBA3F03B-A98A-42AF-BC3E-EFFCE47ECD0E}"
EndProject
Project("{FAE04EC0-301F-11D3-BF4B-00C04F79EFBC}") = "ConsoleApp6", "ConsoleApp6\ConsoleApp6.csproj", "{2E897DA4-02F2-401B-996B-A58682C31A60}"
EndProject
Project("{FAE04EC0-301F-11D3-BF4B-00C04F79EFBC}") = "ConsoleApp7", "ConsoleApp7\ConsoleApp7.csproj", "{9E13D7F5-973F-460E-8931-6EF3386AB8CC}"
EndProject
Project("{FAE04EC0-301F-11D3-BF4B-00C04F79EFBC}") = "ConsoleApp8", "ConsoleApp8\ConsoleApp8.csproj", "{B9CAE703-4E5E-44A2-B59B-62A157944964}"
EndProject
Project("{FAE04EC0-301F-11D3-BF4B-00C04F79EFBC}") = "ConsoleApp9", "ConsoleApp9\ConsoleApp9.csproj", "{53EC98CB-CF7D-4D55-A30D-BCA5AC879069}"
EndProject
Project("{FAE04EC0-301F-11D3-BF4B-00C04F79EFBC}") = "ConsoleApp10", "ConsoleApp10\ConsoleApp10.csproj", "{4F7D6493-3A6E-4B00-A0EC-AC6C0917AA2D}"
EndProject
Project("{FAE04EC0-301F-11D3-BF4B-00C04F79EFBC}") = "ConsoleApp11", "ConsoleApp11\ConsoleApp11.csproj", "{F54A22B2-D1B6-412E-BAB4-890A81C95F3E}"
EndProject
Global
	GlobalSection(SolutionConfigurationPlatforms) = preSolution
		Debug|Any CPU = Debug|Any CPU
		Release|Any CPU = Release|Any CPU
	EndGlobalSection
	GlobalSection(ProjectConfigurationPlatforms) = postSolution
		{295A91CF-B0BF-407B-B57D-C664D449A06D}.Debug|Any CPU.ActiveCfg = Debug|Any CPU
		{295A91CF-B0BF-407B-B57D-C664D449A06D}.Debug|Any CPU.Build.0 = Debug|Any CPU
		{295A91CF-B0BF-407B-B57D-C664D449A06D}.Release|Any CPU.ActiveCfg = Release|Any CPU
		{295A91CF-B0BF-407B-B57D-C664D449A06D}.Release|Any CPU.Build.0 = Release|Any CPU
		{9BC2B3B0-C4F5-4B7F-B91D-149CC591FB8E}.Debug|Any CPU.ActiveCfg = Debug|Any CPU
		{9BC2B3B0-C4F5-4B7F-B91D-149CC591FB8E}.Debug|Any CPU.Build.0 = Debug|Any CPU
		{9BC2B3B0-C4F5-4B7F-B91D-149CC591FB8E}.Release|Any CPU.ActiveCfg = Release|Any CPU
		{9BC2B3B0-C4F5-4B7F-B91D-149CC591FB8E}.Release|Any CPU.Build.0 = Release|Any CPU
		{FBEA98D1-C657-45D4-BBD2-74EDE2EEFB87}.Debug|Any CPU.ActiveCfg = Debug|Any CPU
		{FBEA98D1-C657-45D4-BBD2-74EDE2EEFB87}.Debug|Any CPU.Build.0 = Debug|Any CPU
		{FBEA98D1-C657-45D4-BBD2-74EDE2EEFB87}.Release|Any CPU.ActiveCfg = Release|Any CPU
		{FBEA98D1-C657-45D4-BBD2-74EDE2EEFB87}.Release|Any CPU.Build.0 = Release|Any CPU
		{FE57D903-0C77-4B4D-A4B5-43CD7400A687}.Debug|Any CPU.ActiveCfg = Debug|Any CPU
		{FE57D903-0C77-4B4D-A4B5-43CD7400A687}.Debug|Any CPU.Build.0 = Debug|Any CPU
		{FE57D903-0C77-4B4D-A4B5-43CD7400A687}.Release|Any CPU.ActiveCfg = Release|Any CPU
		{FE57D903-0C77-4B4D-A4B5-43CD7400A687}.Release|Any CPU.Build.0 = Release|Any CPU
		{CBA3F03B-A98A-42AF-BC3E-EFFCE47ECD0E}.Debug|Any CPU.ActiveCfg = Debug|Any CPU
		{CBA3F03B-A98A-42AF-BC3E-EFFCE47ECD0E}.Debug|Any CPU.Build.0 = Debug|Any CPU
		{CBA3F03B-A98A-42AF-BC3E-EFFCE47ECD0E}.Release|Any CPU.ActiveCfg = Release|Any CPU
		{CBA3F03B-A98A-42AF-BC3E-EFFCE47ECD0E}.Release|Any CPU.Build.0 = Release|Any CPU
		{2E897DA4-02F2-401B-996B-A58682C31A60}.Debug|Any CPU.ActiveCfg = Debug|Any CPU
		{2E897DA4-02F2-401B-996B-A58682C31A60}.Debug|Any CPU.Build.0 = Debug|Any CPU
		{2E897DA4-02F2-401B-996B-A58682C31A60}.Release|Any CPU.ActiveCfg = Release|Any CPU
		{2E897DA4-02F2-401B-996B-A58682C31A60}.Release|Any CPU.Build.0 = Release|Any CPU
		{9E13D7F5-973F-460E-8931-6EF3386AB8CC}.Debug|Any CPU.ActiveCfg = Debug|Any CPU
		{9E13D7F5-973F-460E-8931-6EF3386AB8CC}.Debug|Any CPU.Build.0 = Debug|Any CPU
		{9E13D7F5-973F-460E-8931-6EF3386AB8CC}.Release|Any CPU.ActiveCfg = Release|Any CPU
		{9E13D7F5-973F-460E-8931-6EF3386AB8CC}.Release|Any CPU.Build.0 = Release|Any CPU
		{B9CAE703-4E5E-44A2-B59B-62A157944964}.Debug|Any CPU.ActiveCfg = Debug|Any CPU
		{B9CAE703-4E5E-44A2-B59B-62A157944964}.Debug|Any CPU.Build.0 = Debug|Any CPU
		{B9CAE703-4E5E-44A2-B59B-62A157944964}.Release|Any CPU.ActiveCfg = Release|Any CPU
		{B9CAE703-4E5E-44A2-B59B-62A157944964}.Release|Any CPU.Build.0 = Release|Any CPU
		{53EC98CB-CF7D-4D55-A30D-BCA5AC879069}.Debug|Any CPU.ActiveCfg = Debug|Any CPU
		{53EC98CB-CF7D-4D55-A30D-BCA5AC879069}.Debug|Any CPU.Build.0 = Debug|Any CPU
		{53EC98CB-CF7D-4D55-A30D-BCA5AC879069}.Release|Any CPU.ActiveCfg = Release|Any CPU
		{53EC98CB-CF7D-4D55-A30D-BCA5AC879069}.Release|Any CPU.Build.0 = Release|Any CPU
		{4F7D6493-3A6E-4B00-A0EC-AC6C0917AA2D}.Debug|Any CPU.ActiveCfg = Debug|Any CPU
		{4F7D6493-3A6E-4B00-A0EC-AC6C0917AA2D}.Debug|Any CPU.Build.0 = Debug|Any CPU
		{4F7D6493-3A6E-4B00-A0EC-AC6C0917AA2D}.Release|Any CPU.ActiveCfg = Release|Any CPU
		{4F7D6493-3A6E-4B00-A0EC-AC6C0917AA2D}.Release|Any CPU.Build.0 = Release|Any CPU
		{F54A22B2-D1B6-412E-BAB4-890A81C95F3E}.Debug|Any CPU.ActiveCfg = Debug|Any CPU
		{F54A22B2-D1B6-412E-BAB4-890A81C95F3E}.Debug|Any CPU.Build.0 = Debug|Any CPU
		{F54A22B2-D1B6-412E-BAB4-890A81C95F3E}.Release|Any CPU.ActiveCfg = Release|Any CPU
		{F54A22B2-D1B6-412E-BAB4-890A81C95F3E}.Release|Any CPU.Build.0 = Release|Any CPU
	EndGlobalSection
EndGlobal
